
Microsoft Visual Studio Solution File, Format Version 12.00
# Visual Studio 15
VisualStudioVersion = 15.0.26730.16
MinimumVisualStudioVersion = 10.0.40219.1
Project("{FAE04EC0-301F-11D3-BF4B-00C04F79EFBC}") = "FatKon", "WindowsFormsApp1\FatKon.csproj", "{6EF0BDC6-6FC5-47A5-B0C0-3FBA8516BB3E}"
EndProject
Global
	GlobalSection(SolutionConfigurationPlatforms) = preSolution
		Debug|Any CPU = Debug|Any CPU
		Release|Any CPU = Release|Any CPU
	EndGlobalSection
	GlobalSection(ProjectConfigurationPlatforms) = postSolution
		{6EF0BDC6-6FC5-47A5-B0C0-3FBA8516BB3E}.Debug|Any CPU.ActiveCfg = Debug|Any CPU
		{6EF0BDC6-6FC5-47A5-B0C0-3FBA8516BB3E}.Debug|Any CPU.Build.0 = Debug|Any CPU
		{6EF0BDC6-6FC5-47A5-B0C0-3FBA8516BB3E}.Release|Any CPU.ActiveCfg = Release|Any CPU
		{6EF0BDC6-6FC5-47A5-B0C0-3FBA8516BB3E}.Release|Any CPU.Build.0 = Release|Any CPU
	EndGlobalSection
	GlobalSection(SolutionProperties) = preSolution
		HideSolutionNode = FALSE
	EndGlobalSection
	GlobalSection(ExtensibilityGlobals) = postSolution
		SolutionGuid = {22B824A1-7D8F-4CF2-AD9F-3D40B45D5F9E}
	EndGlobalSection
EndGlobal
